
Microsoft Visual Studio Solution File, Format Version 12.00
# Visual Studio Version 17
VisualStudioVersion = 17.2.32630.192
MinimumVisualStudioVersion = 10.0.40219.1
Project("{FAE04EC0-301F-11D3-BF4B-00C04F79EFBC}") = "PAS_API", "PAS_API\PAS_API.csproj", "{AD54D379-39FD-4251-93EE-D67660648738}"
EndProject
Global
	GlobalSection(SolutionConfigurationPlatforms) = preSolution
		Debug|Any CPU = Debug|Any CPU
		Release|Any CPU = Release|Any CPU
	EndGlobalSection
	GlobalSection(ProjectConfigurationPlatforms) = postSolution
		{AD54D379-39FD-4251-93EE-D67660648738}.Debug|Any CPU.ActiveCfg = Debug|Any CPU
		{AD54D379-39FD-4251-93EE-D67660648738}.Debug|Any CPU.Build.0 = Debug|Any CPU
		{AD54D379-39FD-4251-93EE-D67660648738}.Release|Any CPU.ActiveCfg = Release|Any CPU
		{AD54D379-39FD-4251-93EE-D67660648738}.Release|Any CPU.Build.0 = Release|Any CPU
	EndGlobalSection
	GlobalSection(SolutionProperties) = preSolution
		HideSolutionNode = FALSE
	EndGlobalSection
	GlobalSection(ExtensibilityGlobals) = postSolution
		SolutionGuid = {A0A5C25C-2ED1-46CF-A107-02883F305269}
	EndGlobalSection
EndGlobal
